
Microsoft Visual Studio Solution File, Format Version 12.00
# Visual Studio Version 17
VisualStudioVersion = 17.9.34622.214
MinimumVisualStudioVersion = 10.0.40219.1
Project("{FAE04EC0-301F-11D3-BF4B-00C04F79EFBC}") = "baitaptrenlop", "baitaptrenlop.csproj", "{3822997D-3C42-4753-A622-06C79F8A1802}"
EndProject
Global
	GlobalSection(SolutionConfigurationPlatforms) = preSolution
		Debug|Any CPU = Debug|Any CPU
		Release|Any CPU = Release|Any CPU
	EndGlobalSection
	GlobalSection(ProjectConfigurationPlatforms) = postSolution
		{3822997D-3C42-4753-A622-06C79F8A1802}.Debug|Any CPU.ActiveCfg = Debug|Any CPU
		{3822997D-3C42-4753-A622-06C79F8A1802}.Debug|Any CPU.Build.0 = Debug|Any CPU
		{3822997D-3C42-4753-A622-06C79F8A1802}.Release|Any CPU.ActiveCfg = Release|Any CPU
		{3822997D-3C42-4753-A622-06C79F8A1802}.Release|Any CPU.Build.0 = Release|Any CPU
	EndGlobalSection
	GlobalSection(SolutionProperties) = preSolution
		HideSolutionNode = FALSE
	EndGlobalSection
	GlobalSection(ExtensibilityGlobals) = postSolution
		SolutionGuid = {67ED5FD8-DF2F-432B-B1A8-355F274745B1}
	EndGlobalSection
EndGlobal
